
Microsoft Visual Studio Solution File, Format Version 11.00
# Visual Studio 2010
Project("{9AE66E24-D2D9-4FF2-AB7F-CE79F20F2B8B}") = "sheet2", "sheet2\sheet2.ftn95p", "{FBE2C0F5-36A4-4709-A0E8-DDE74A91FEBB}"
EndProject
Global
	GlobalSection(SolutionConfigurationPlatforms) = preSolution
		CheckMate|.NET = CheckMate|.NET
		CheckMate|Win32 = CheckMate|Win32
		Debug|.NET = Debug|.NET
		Debug|Win32 = Debug|Win32
		Release|.NET = Release|.NET
		Release|Win32 = Release|Win32
	EndGlobalSection
	GlobalSection(ProjectConfigurationPlatforms) = postSolution
		{FBE2C0F5-36A4-4709-A0E8-DDE74A91FEBB}.CheckMate|.NET.ActiveCfg = CheckMate|.NET
		{FBE2C0F5-36A4-4709-A0E8-DDE74A91FEBB}.CheckMate|.NET.Build.0 = CheckMate|.NET
		{FBE2C0F5-36A4-4709-A0E8-DDE74A91FEBB}.CheckMate|Win32.ActiveCfg = CheckMate|Win32
		{FBE2C0F5-36A4-4709-A0E8-DDE74A91FEBB}.CheckMate|Win32.Build.0 = CheckMate|Win32
		{FBE2C0F5-36A4-4709-A0E8-DDE74A91FEBB}.Debug|.NET.ActiveCfg = Debug|.NET
		{FBE2C0F5-36A4-4709-A0E8-DDE74A91FEBB}.Debug|.NET.Build.0 = Debug|.NET
		{FBE2C0F5-36A4-4709-A0E8-DDE74A91FEBB}.Debug|Win32.ActiveCfg = Debug|Win32
		{FBE2C0F5-36A4-4709-A0E8-DDE74A91FEBB}.Debug|Win32.Build.0 = Debug|Win32
		{FBE2C0F5-36A4-4709-A0E8-DDE74A91FEBB}.Release|.NET.ActiveCfg = Release|.NET
		{FBE2C0F5-36A4-4709-A0E8-DDE74A91FEBB}.Release|.NET.Build.0 = Release|.NET
		{FBE2C0F5-36A4-4709-A0E8-DDE74A91FEBB}.Release|Win32.ActiveCfg = Release|Win32
		{FBE2C0F5-36A4-4709-A0E8-DDE74A91FEBB}.Release|Win32.Build.0 = Release|Win32
	EndGlobalSection
	GlobalSection(SolutionProperties) = preSolution
		HideSolutionNode = FALSE
	EndGlobalSection
EndGlobal
